
Microsoft Visual Studio Solution File, Format Version 12.00
# Visual Studio Version 16
VisualStudioVersion = 16.0.30128.74
MinimumVisualStudioVersion = 10.0.40219.1
Project("{FAE04EC0-301F-11D3-BF4B-00C04F79EFBC}") = "MadlibsGame", "MadlibsGame.csproj", "{9C01F643-5A3C-4678-809A-D3287C9C5D33}"
EndProject
Global
	GlobalSection(SolutionConfigurationPlatforms) = preSolution
		Debug|Any CPU = Debug|Any CPU
		Release|Any CPU = Release|Any CPU
	EndGlobalSection
	GlobalSection(ProjectConfigurationPlatforms) = postSolution
		{9C01F643-5A3C-4678-809A-D3287C9C5D33}.Debug|Any CPU.ActiveCfg = Debug|Any CPU
		{9C01F643-5A3C-4678-809A-D3287C9C5D33}.Debug|Any CPU.Build.0 = Debug|Any CPU
		{9C01F643-5A3C-4678-809A-D3287C9C5D33}.Release|Any CPU.ActiveCfg = Release|Any CPU
		{9C01F643-5A3C-4678-809A-D3287C9C5D33}.Release|Any CPU.Build.0 = Release|Any CPU
	EndGlobalSection
	GlobalSection(SolutionProperties) = preSolution
		HideSolutionNode = FALSE
	EndGlobalSection
	GlobalSection(ExtensibilityGlobals) = postSolution
		SolutionGuid = {D578E1E5-0A41-4D8B-B8EF-3198939861A3}
	EndGlobalSection
EndGlobal
